
Microsoft Visual Studio Solution File, Format Version 12.00
# Visual Studio 15
VisualStudioVersion = 15.0.28307.168
MinimumVisualStudioVersion = 10.0.40219.1
Project("{9A19103F-16F7-4668-BE54-9A1E7A4F7556}") = "CursoCSharp-P1", "CursoCSharp-P1\CursoCSharp-P1.csproj", "{4BBBEA4E-BA01-4730-B807-7BD5EAD4205E}"
EndProject
Project("{9A19103F-16F7-4668-BE54-9A1E7A4F7556}") = "CursoCSharp-P2", "CursoCSharp-P2\CursoCSharp-P2.csproj", "{B865ED82-ED8A-4E23-88D2-D90BCFF5E012}"
EndProject
Project("{9A19103F-16F7-4668-BE54-9A1E7A4F7556}") = "CursoCSharp-P3", "CursoCSharp-P3\CursoCSharp-P3.csproj", "{A6DA3B54-3C8C-4EF0-AC87-6B4A98F0708E}"
EndProject
Project("{9A19103F-16F7-4668-BE54-9A1E7A4F7556}") = "CursoCSharp-P4", "CursoCSharp-P4\CursoCSharp-P4.csproj", "{A75349F3-BBF8-4EC8-BA21-C6BC279A6E5F}"
EndProject
Project("{9A19103F-16F7-4668-BE54-9A1E7A4F7556}") = "CursoCSharp-P5", "CursoCSharp-P5\CursoCSharp-P5.csproj", "{CCBFBE27-2E1B-4EDD-B59F-C8A830CD9183}"
EndProject
Project("{FAE04EC0-301F-11D3-BF4B-00C04F79EFBC}") = "CursoCSharp-P6", "CursoCSharp-P6\CursoCSharp-P6.csproj", "{DAD7C545-7120-4481-8310-2D4171467847}"
EndProject
Global
	GlobalSection(SolutionConfigurationPlatforms) = preSolution
		Debug|Any CPU = Debug|Any CPU
		Release|Any CPU = Release|Any CPU
	EndGlobalSection
	GlobalSection(ProjectConfigurationPlatforms) = postSolution
		{4BBBEA4E-BA01-4730-B807-7BD5EAD4205E}.Debug|Any CPU.ActiveCfg = Debug|Any CPU
		{4BBBEA4E-BA01-4730-B807-7BD5EAD4205E}.Debug|Any CPU.Build.0 = Debug|Any CPU
		{4BBBEA4E-BA01-4730-B807-7BD5EAD4205E}.Release|Any CPU.ActiveCfg = Release|Any CPU
		{4BBBEA4E-BA01-4730-B807-7BD5EAD4205E}.Release|Any CPU.Build.0 = Release|Any CPU
		{B865ED82-ED8A-4E23-88D2-D90BCFF5E012}.Debug|Any CPU.ActiveCfg = Debug|Any CPU
		{B865ED82-ED8A-4E23-88D2-D90BCFF5E012}.Debug|Any CPU.Build.0 = Debug|Any CPU
		{B865ED82-ED8A-4E23-88D2-D90BCFF5E012}.Release|Any CPU.ActiveCfg = Release|Any CPU
		{B865ED82-ED8A-4E23-88D2-D90BCFF5E012}.Release|Any CPU.Build.0 = Release|Any CPU
		{A6DA3B54-3C8C-4EF0-AC87-6B4A98F0708E}.Debug|Any CPU.ActiveCfg = Debug|Any CPU
		{A6DA3B54-3C8C-4EF0-AC87-6B4A98F0708E}.Debug|Any CPU.Build.0 = Debug|Any CPU
		{A6DA3B54-3C8C-4EF0-AC87-6B4A98F0708E}.Release|Any CPU.ActiveCfg = Release|Any CPU
		{A6DA3B54-3C8C-4EF0-AC87-6B4A98F0708E}.Release|Any CPU.Build.0 = Release|Any CPU
		{A75349F3-BBF8-4EC8-BA21-C6BC279A6E5F}.Debug|Any CPU.ActiveCfg = Debug|Any CPU
		{A75349F3-BBF8-4EC8-BA21-C6BC279A6E5F}.Debug|Any CPU.Build.0 = Debug|Any CPU
		{A75349F3-BBF8-4EC8-BA21-C6BC279A6E5F}.Release|Any CPU.ActiveCfg = Release|Any CPU
		{A75349F3-BBF8-4EC8-BA21-C6BC279A6E5F}.Release|Any CPU.Build.0 = Release|Any CPU
		{CCBFBE27-2E1B-4EDD-B59F-C8A830CD9183}.Debug|Any CPU.ActiveCfg = Debug|Any CPU
		{CCBFBE27-2E1B-4EDD-B59F-C8A830CD9183}.Debug|Any CPU.Build.0 = Debug|Any CPU
		{CCBFBE27-2E1B-4EDD-B59F-C8A830CD9183}.Release|Any CPU.ActiveCfg = Release|Any CPU
		{CCBFBE27-2E1B-4EDD-B59F-C8A830CD9183}.Release|Any CPU.Build.0 = Release|Any CPU
		{DAD7C545-7120-4481-8310-2D4171467847}.Debug|Any CPU.ActiveCfg = Debug|Any CPU
		{DAD7C545-7120-4481-8310-2D4171467847}.Debug|Any CPU.Build.0 = Debug|Any CPU
		{DAD7C545-7120-4481-8310-2D4171467847}.Release|Any CPU.ActiveCfg = Release|Any CPU
		{DAD7C545-7120-4481-8310-2D4171467847}.Release|Any CPU.Build.0 = Release|Any CPU
	EndGlobalSection
	GlobalSection(SolutionProperties) = preSolution
		HideSolutionNode = FALSE
	EndGlobalSection
	GlobalSection(ExtensibilityGlobals) = postSolution
		SolutionGuid = {9FF7A0B8-9A70-4422-B39E-D393F6023CA1}
	EndGlobalSection
EndGlobal
